
Microsoft Visual Studio Solution File, Format Version 12.00
# Visual Studio Version 17
VisualStudioVersion = 17.5.33530.505
MinimumVisualStudioVersion = 10.0.40219.1
Project("{9A19103F-16F7-4668-BE54-9A1E7A4F7556}") = "Celani.TTYD.Randomizer.Tracker", "Celani.TTYD.Randomizer.Tracker\Celani.TTYD.Randomizer.Tracker.csproj", "{1F584BF4-14BB-44E5-8270-5186B486471F}"
EndProject
Project("{9A19103F-16F7-4668-BE54-9A1E7A4F7556}") = "Celani.TTYD.Randomizer.API", "Celani.TTYD.Randomizer.API\Celani.TTYD.Randomizer.API.csproj", "{13ED5516-8893-4054-B249-8D4C8D411A2C}"
EndProject
Project("{FAE04EC0-301F-11D3-BF4B-00C04F79EFBC}") = "Celani.TTYD.Randomizer.Stats", "Celani.TTYD.Randomizer.Stats\Celani.TTYD.Randomizer.Stats.csproj", "{4F408B30-3430-42FC-A3A3-6BFB37BBD0A8}"
EndProject
Global
	GlobalSection(SolutionConfigurationPlatforms) = preSolution
		Debug|Any CPU = Debug|Any CPU
		Release|Any CPU = Release|Any CPU
	EndGlobalSection
	GlobalSection(ProjectConfigurationPlatforms) = postSolution
		{1F584BF4-14BB-44E5-8270-5186B486471F}.Debug|Any CPU.ActiveCfg = Debug|Any CPU
		{1F584BF4-14BB-44E5-8270-5186B486471F}.Debug|Any CPU.Build.0 = Debug|Any CPU
		{1F584BF4-14BB-44E5-8270-5186B486471F}.Release|Any CPU.ActiveCfg = Release|Any CPU
		{1F584BF4-14BB-44E5-8270-5186B486471F}.Release|Any CPU.Build.0 = Release|Any CPU
		{13ED5516-8893-4054-B249-8D4C8D411A2C}.Debug|Any CPU.ActiveCfg = Debug|Any CPU
		{13ED5516-8893-4054-B249-8D4C8D411A2C}.Debug|Any CPU.Build.0 = Debug|Any CPU
		{13ED5516-8893-4054-B249-8D4C8D411A2C}.Release|Any CPU.ActiveCfg = Release|Any CPU
		{13ED5516-8893-4054-B249-8D4C8D411A2C}.Release|Any CPU.Build.0 = Release|Any CPU
		{4F408B30-3430-42FC-A3A3-6BFB37BBD0A8}.Debug|Any CPU.ActiveCfg = Debug|Any CPU
		{4F408B30-3430-42FC-A3A3-6BFB37BBD0A8}.Debug|Any CPU.Build.0 = Debug|Any CPU
		{4F408B30-3430-42FC-A3A3-6BFB37BBD0A8}.Release|Any CPU.ActiveCfg = Release|Any CPU
		{4F408B30-3430-42FC-A3A3-6BFB37BBD0A8}.Release|Any CPU.Build.0 = Release|Any CPU
	EndGlobalSection
	GlobalSection(SolutionProperties) = preSolution
		HideSolutionNode = FALSE
	EndGlobalSection
	GlobalSection(ExtensibilityGlobals) = postSolution
		SolutionGuid = {7BDAB037-A177-40B2-9A36-F17166FA003F}
	EndGlobalSection
EndGlobal
